// !$*UTF8*$!
{
	archiveVersion = 1;
	classes = {
	};
	objectVersion = 55;
	objects = {

/* Begin PBXBuildFile section */
		9310FB22285A5AB200384C37 /* AppDelegate.swift in Sources */ = {isa = PBXBuildFile; fileRef = 9310FB21285A5AB200384C37 /* AppDelegate.swift */; };
		9310FB24285A5AB200384C37 /* SceneDelegate.swift in Sources */ = {isa = PBXBuildFile; fileRef = 9310FB23285A5AB200384C37 /* SceneDelegate.swift */; };
		9310FB26285A5AB200384C37 /* ViewController.swift in Sources */ = {isa = PBXBuildFile; fileRef = 9310FB25285A5AB200384C37 /* ViewController.swift */; };
		9310FB29285A5AB200384C37 /* Main.storyboard in Resources */ = {isa = PBXBuildFile; fileRef = 9310FB27285A5AB200384C37 /* Main.storyboard */; };
		9310FB2C285A5AB200384C37 /* Deadbolt_Detector.xcdatamodeld in Sources */ = {isa = PBXBuildFile; fileRef = 9310FB2A285A5AB200384C37 /* Deadbolt_Detector.xcdatamodeld */; };
		9310FB2E285A5AB400384C37 /* Assets.xcassets in Resources */ = {isa = PBXBuildFile; fileRef = 9310FB2D285A5AB400384C37 /* Assets.xcassets */; };
		9310FB31285A5AB400384C37 /* LaunchScreen.storyboard in Resources */ = {isa = PBXBuildFile; fileRef = 9310FB2F285A5AB400384C37 /* LaunchScreen.storyboard */; };
		9310FB3C285A5AB500384C37 /* Deadbolt_DetectorTests.swift in Sources */ = {isa = PBXBuildFile; fileRef = 9310FB3B285A5AB500384C37 /* Deadbolt_DetectorTests.swift */; };
		9310FB46285A5AB500384C37 /* Deadbolt_DetectorUITests.swift in Sources */ = {isa = PBXBuildFile; fileRef = 9310FB45285A5AB500384C37 /* Deadbolt_DetectorUITests.swift */; };
		9310FB48285A5AB500384C37 /* Deadbolt_DetectorUITestsLaunchTests.swift in Sources */ = {isa = PBXBuildFile; fileRef = 9310FB47285A5AB500384C37 /* Deadbolt_DetectorUITestsLaunchTests.swift */; };
		93EA99632860A20F00030697 /* GoogleService-Info.plist in Resources */ = {isa = PBXBuildFile; fileRef = 93EA99622860A20F00030697 /* GoogleService-Info.plist */; };
		93EA99642860A20F00030697 /* GoogleService-Info.plist in Resources */ = {isa = PBXBuildFile; fileRef = 93EA99622860A20F00030697 /* GoogleService-Info.plist */; };
		93EA99652860A20F00030697 /* GoogleService-Info.plist in Resources */ = {isa = PBXBuildFile; fileRef = 93EA99622860A20F00030697 /* GoogleService-Info.plist */; };
		93EA99682860A32800030697 /* FirebaseAnalytics in Frameworks */ = {isa = PBXBuildFile; productRef = 93EA99672860A32800030697 /* FirebaseAnalytics */; };
		93EA996A2860A32800030697 /* FirebaseAuth in Frameworks */ = {isa = PBXBuildFile; productRef = 93EA99692860A32800030697 /* FirebaseAuth */; };
		93EA996C2860A32800030697 /* FirebaseDatabase in Frameworks */ = {isa = PBXBuildFile; productRef = 93EA996B2860A32800030697 /* FirebaseDatabase */; };
		93EA996E2860A32800030697 /* FirebaseFirestore in Frameworks */ = {isa = PBXBuildFile; productRef = 93EA996D2860A32800030697 /* FirebaseFirestore */; };
/* End PBXBuildFile section */

/* Begin PBXContainerItemProxy section */
		9310FB38285A5AB500384C37 /* PBXContainerItemProxy */ = {
			isa = PBXContainerItemProxy;
			containerPortal = 9310FB16285A5AB200384C37 /* Project object */;
			proxyType = 1;
			remoteGlobalIDString = 9310FB1D285A5AB200384C37;
			remoteInfo = "Deadbolt Detector";
		};
		9310FB42285A5AB500384C37 /* PBXContainerItemProxy */ = {
			isa = PBXContainerItemProxy;
			containerPortal = 9310FB16285A5AB200384C37 /* Project object */;
			proxyType = 1;
			remoteGlobalIDString = 9310FB1D285A5AB200384C37;
			remoteInfo = "Deadbolt Detector";
		};
/* End PBXContainerItemProxy section */

/* Begin PBXFileReference section */
		9310FB1E285A5AB200384C37 /* Deadbolt Detector.app */ = {isa = PBXFileReference; explicitFileType = wrapper.application; includeInIndex = 0; path = "Deadbolt Detector.app"; sourceTree = BUILT_PRODUCTS_DIR; };
		9310FB21285A5AB200384C37 /* AppDelegate.swift */ = {isa = PBXFileReference; lastKnownFileType = sourcecode.swift; path = AppDelegate.swift; sourceTree = "<group>"; };
		9310FB23285A5AB200384C37 /* SceneDelegate.swift */ = {isa = PBXFileReference; lastKnownFileType = sourcecode.swift; path = SceneDelegate.swift; sourceTree = "<group>"; };
		9310FB25285A5AB200384C37 /* ViewController.swift */ = {isa = PBXFileReference; lastKnownFileType = sourcecode.swift; path = ViewController.swift; sourceTree = "<group>"; };
		9310FB28285A5AB200384C37 /* Base */ = {isa = PBXFileReference; lastKnownFileType = file.storyboard; name = Base; path = Base.lproj/Main.storyboard; sourceTree = "<group>"; };
		9310FB2B285A5AB200384C37 /* Deadbolt_Detector.xcdatamodel */ = {isa = PBXFileReference; lastKnownFileType = wrapper.xcdatamodel; path = Deadbolt_Detector.xcdatamodel; sourceTree = "<group>"; };
		9310FB2D285A5AB400384C37 /* Assets.xcassets */ = {isa = PBXFileReference; lastKnownFileType = folder.assetcatalog; path = Assets.xcassets; sourceTree = "<group>"; };
		9310FB30285A5AB400384C37 /* Base */ = {isa = PBXFileReference; lastKnownFileType = file.storyboard; name = Base; path = Base.lproj/LaunchScreen.storyboard; sourceTree = "<group>"; };
		9310FB32285A5AB400384C37 /* Info.plist */ = {isa = PBXFileReference; lastKnownFileType = text.plist.xml; path = Info.plist; sourceTree = "<group>"; };
		9310FB37285A5AB500384C37 /* Deadbolt DetectorTests.xctest */ = {isa = PBXFileReference; explicitFileType = wrapper.cfbundle; includeInIndex = 0; path = "Deadbolt DetectorTests.xctest"; sourceTree = BUILT_PRODUCTS_DIR; };
		9310FB3B285A5AB500384C37 /* Deadbolt_DetectorTests.swift */ = {isa = PBXFileReference; lastKnownFileType = sourcecode.swift; path = Deadbolt_DetectorTests.swift; sourceTree = "<group>"; };
		9310FB41285A5AB500384C37 /* Deadbolt DetectorUITests.xctest */ = {isa = PBXFileReference; explicitFileType = wrapper.cfbundle; includeInIndex = 0; path = "Deadbolt DetectorUITests.xctest"; sourceTree = BUILT_PRODUCTS_DIR; };
		9310FB45285A5AB500384C37 /* Deadbolt_DetectorUITests.swift */ = {isa = PBXFileReference; lastKnownFileType = sourcecode.swift; path = Deadbolt_DetectorUITests.swift; sourceTree = "<group>"; };
		9310FB47285A5AB500384C37 /* Deadbolt_DetectorUITestsLaunchTests.swift */ = {isa = PBXFileReference; lastKnownFileType = sourcecode.swift; path = Deadbolt_DetectorUITestsLaunchTests.swift; sourceTree = "<group>"; };
		93EA99622860A20F00030697 /* GoogleService-Info.plist */ = {isa = PBXFileReference; fileEncoding = 4; lastKnownFileType = text.plist.xml; name = "GoogleService-Info.plist"; path = "../../../../../../Downloads/GoogleService-Info.plist"; sourceTree = "<group>"; };
/* End PBXFileReference section */

/* Begin PBXFrameworksBuildPhase section */
		9310FB1B285A5AB200384C37 /* Frameworks */ = {
			isa = PBXFrameworksBuildPhase;
			buildActionMask = 2147483647;
			files = (
				93EA996C2860A32800030697 /* FirebaseDatabase in Frameworks */,
				93EA996E2860A32800030697 /* FirebaseFirestore in Frameworks */,
				93EA99682860A32800030697 /* FirebaseAnalytics in Frameworks */,
				93EA996A2860A32800030697 /* FirebaseAuth in Frameworks */,
			);
			runOnlyForDeploymentPostprocessing = 0;
		};
		9310FB34285A5AB500384C37 /* Frameworks */ = {
			isa = PBXFrameworksBuildPhase;
			buildActionMask = 2147483647;
			files = (
			);
			runOnlyForDeploymentPostprocessing = 0;
		};
		9310FB3E285A5AB500384C37 /* Frameworks */ = {
			isa = PBXFrameworksBuildPhase;
			buildActionMask = 2147483647;
			files = (
			);
			runOnlyForDeploymentPostprocessing = 0;
		};
/* End PBXFrameworksBuildPhase section */

/* Begin PBXGroup section */
		9310FB15285A5AB200384C37 = {
			isa = PBXGroup;
			children = (
				9310FB20285A5AB200384C37 /* Deadbolt Detector */,
				9310FB3A285A5AB500384C37 /* Deadbolt DetectorTests */,
				9310FB44285A5AB500384C37 /* Deadbolt DetectorUITests */,
				9310FB1F285A5AB200384C37 /* Products */,
			);
			sourceTree = "<group>";
		};
		9310FB1F285A5AB200384C37 /* Products */ = {
			isa = PBXGroup;
			children = (
				9310FB1E285A5AB200384C37 /* Deadbolt Detector.app */,
				9310FB37285A5AB500384C37 /* Deadbolt DetectorTests.xctest */,
				9310FB41285A5AB500384C37 /* Deadbolt DetectorUITests.xctest */,
			);
			name = Products;
			sourceTree = "<group>";
		};
		9310FB20285A5AB200384C37 /* Deadbolt Detector */ = {
			isa = PBXGroup;
			children = (
				9310FB21285A5AB200384C37 /* AppDelegate.swift */,
				9310FB23285A5AB200384C37 /* SceneDelegate.swift */,
				9310FB25285A5AB200384C37 /* ViewController.swift */,
				9310FB27285A5AB200384C37 /* Main.storyboard */,
				9310FB2D285A5AB400384C37 /* Assets.xcassets */,
				9310FB2F285A5AB400384C37 /* LaunchScreen.storyboard */,
				9310FB32285A5AB400384C37 /* Info.plist */,
				9310FB2A285A5AB200384C37 /* Deadbolt_Detector.xcdatamodeld */,
				93EA99622860A20F00030697 /* GoogleService-Info.plist */,
			);
			path = "Deadbolt Detector";
			sourceTree = "<group>";
		};
		9310FB3A285A5AB500384C37 /* Deadbolt DetectorTests */ = {
			isa = PBXGroup;
			children = (
				9310FB3B285A5AB500384C37 /* Deadbolt_DetectorTests.swift */,
			);
			path = "Deadbolt DetectorTests";
			sourceTree = "<group>";
		};
		9310FB44285A5AB500384C37 /* Deadbolt DetectorUITests */ = {
			isa = PBXGroup;
			children = (
				9310FB45285A5AB500384C37 /* Deadbolt_DetectorUITests.swift */,
				9310FB47285A5AB500384C37 /* Deadbolt_DetectorUITestsLaunchTests.swift */,
			);
			path = "Deadbolt DetectorUITests";
			sourceTree = "<group>";
		};
/* End PBXGroup section */

/* Begin PBXNativeTarget section */
		9310FB1D285A5AB200384C37 /* Deadbolt Detector */ = {
			isa = PBXNativeTarget;
			buildConfigurationList = 9310FB4B285A5AB500384C37 /* Build configuration list for PBXNativeTarget "Deadbolt Detector" */;
			buildPhases = (
				9310FB1A285A5AB200384C37 /* Sources */,
				9310FB1B285A5AB200384C37 /* Frameworks */,
				9310FB1C285A5AB200384C37 /* Resources */,
			);
			buildRules = (
			);
			dependencies = (
			);
			name = "Deadbolt Detector";
			packageProductDependencies = (
				93EA99672860A32800030697 /* FirebaseAnalytics */,
				93EA99692860A32800030697 /* FirebaseAuth */,
				93EA996B2860A32800030697 /* FirebaseDatabase */,
				93EA996D2860A32800030697 /* FirebaseFirestore */,
			);
			productName = "Deadbolt Detector";
			productReference = 9310FB1E285A5AB200384C37 /* Deadbolt Detector.app */;
			productType = "com.apple.product-type.application";
		};
		9310FB36285A5AB500384C37 /* Deadbolt DetectorTests */ = {
			isa = PBXNativeTarget;
			buildConfigurationList = 9310FB4E285A5AB500384C37 /* Build configuration list for PBXNativeTarget "Deadbolt DetectorTests" */;
			buildPhases = (
				9310FB33285A5AB500384C37 /* Sources */,
				9310FB34285A5AB500384C37 /* Frameworks */,
				9310FB35285A5AB500384C37 /* Resources */,
			);
			buildRules = (
			);
			dependencies = (
				9310FB39285A5AB500384C37 /* PBXTargetDependency */,
			);
			name = "Deadbolt DetectorTests";
			productName = "Deadbolt DetectorTests";
			productReference = 9310FB37285A5AB500384C37 /* Deadbolt DetectorTests.xctest */;
			productType = "com.apple.product-type.bundle.unit-test";
		};
		9310FB40285A5AB500384C37 /* Deadbolt DetectorUITests */ = {
			isa = PBXNativeTarget;
			buildConfigurationList = 9310FB51285A5AB500384C37 /* Build configuration list for PBXNativeTarget "Deadbolt DetectorUITests" */;
			buildPhases = (
				9310FB3D285A5AB500384C37 /* Sources */,
				9310FB3E285A5AB500384C37 /* Frameworks */,
				9310FB3F285A5AB500384C37 /* Resources */,
			);
			buildRules = (
			);
			dependencies = (
				9310FB43285A5AB500384C37 /* PBXTargetDependency */,
			);
			name = "Deadbolt DetectorUITests";
			productName = "Deadbolt DetectorUITests";
			productReference = 9310FB41285A5AB500384C37 /* Deadbolt DetectorUITests.xctest */;
			productType = "com.apple.product-type.bundle.ui-testing";
		};
/* End PBXNativeTarget section */

/* Begin PBXProject section */
		9310FB16285A5AB200384C37 /* Project object */ = {
			isa = PBXProject;
			attributes = {
				BuildIndependentTargetsInParallel = 1;
				LastSwiftUpdateCheck = 1330;
				LastUpgradeCheck = 1330;
				TargetAttributes = {
					9310FB1D285A5AB200384C37 = {
						CreatedOnToolsVersion = 13.3.1;
					};
					9310FB36285A5AB500384C37 = {
						CreatedOnToolsVersion = 13.3.1;
						TestTargetID = 9310FB1D285A5AB200384C37;
					};
					9310FB40285A5AB500384C37 = {
						CreatedOnToolsVersion = 13.3.1;
						TestTargetID = 9310FB1D285A5AB200384C37;
					};
				};
			};
			buildConfigurationList = 9310FB19285A5AB200384C37 /* Build configuration list for PBXProject "Deadbolt Detector" */;
			compatibilityVersion = "Xcode 13.0";
			developmentRegion = en;
			hasScannedForEncodings = 0;
			knownRegions = (
				en,
				Base,
			);
			mainGroup = 9310FB15285A5AB200384C37;
			packageReferences = (
				93EA99662860A32800030697 /* XCRemoteSwiftPackageReference "firebase-ios-sdk" */,
			);
			productRefGroup = 9310FB1F285A5AB200384C37 /* Products */;
			projectDirPath = "";
			projectRoot = "";
			targets = (
				9310FB1D285A5AB200384C37 /* Deadbolt Detector */,
				9310FB36285A5AB500384C37 /* Deadbolt DetectorTests */,
				9310FB40285A5AB500384C37 /* Deadbolt DetectorUITests */,
			);
		};
/* End PBXProject section */

/* Begin PBXResourcesBuildPhase section */
		9310FB1C285A5AB200384C37 /* Resources */ = {
			isa = PBXResourcesBuildPhase;
			buildActionMask = 2147483647;
			files = (
				9310FB31285A5AB400384C37 /* LaunchScreen.storyboard in Resources */,
				93EA99632860A20F00030697 /* GoogleService-Info.plist in Resources */,
				9310FB2E285A5AB400384C37 /* Assets.xcassets in Resources */,
				9310FB29285A5AB200384C37 /* Main.storyboard in Resources */,
			);
			runOnlyForDeploymentPostprocessing = 0;
		};
		9310FB35285A5AB500384C37 /* Resources */ = {
			isa = PBXResourcesBuildPhase;
			buildActionMask = 2147483647;
			files = (
				93EA99642860A20F00030697 /* GoogleService-Info.plist in Resources */,
			);
			runOnlyForDeploymentPostprocessing = 0;
		};
		9310FB3F285A5AB500384C37 /* Resources */ = {
			isa = PBXResourcesBuildPhase;
			buildActionMask = 2147483647;
			files = (
				93EA99652860A20F00030697 /* GoogleService-Info.plist in Resources */,
			);
			runOnlyForDeploymentPostprocessing = 0;
		};
/* End PBXResourcesBuildPhase section */

/* Begin PBXSourcesBuildPhase section */
		9310FB1A285A5AB200384C37 /* Sources */ = {
			isa = PBXSourcesBuildPhase;
			buildActionMask = 2147483647;
			files = (
				9310FB26285A5AB200384C37 /* ViewController.swift in Sources */,
				9310FB22285A5AB200384C37 /* AppDelegate.swift in Sources */,
				9310FB2C285A5AB200384C37 /* Deadbolt_Detector.xcdatamodeld in Sources */,
				9310FB24285A5AB200384C37 /* SceneDelegate.swift in Sources */,
			);
			runOnlyForDeploymentPostprocessing = 0;
		};
		9310FB33285A5AB500384C37 /* Sources */ = {
			isa = PBXSourcesBuildPhase;
			buildActionMask = 2147483647;
			files = (
				9310FB3C285A5AB500384C37 /* Deadbolt_DetectorTests.swift in Sources */,
			);
			runOnlyForDeploymentPostprocessing = 0;
		};
		9310FB3D285A5AB500384C37 /* Sources */ = {
			isa = PBXSourcesBuildPhase;
			buildActionMask = 2147483647;
			files = (
				9310FB46285A5AB500384C37 /* Deadbolt_DetectorUITests.swift in Sources */,
				9310FB48285A5AB500384C37 /* Deadbolt_DetectorUITestsLaunchTests.swift in Sources */,
			);
			runOnlyForDeploymentPostprocessing = 0;
		};
/* End PBXSourcesBuildPhase section */

/* Begin PBXTargetDependency section */
		9310FB39285A5AB500384C37 /* PBXTargetDependency */ = {
			isa = PBXTargetDependency;
			target = 9310FB1D285A5AB200384C37 /* Deadbolt Detector */;
			targetProxy = 9310FB38285A5AB500384C37 /* PBXContainerItemProxy */;
		};
		9310FB43285A5AB500384C37 /* PBXTargetDependency */ = {
			isa = PBXTargetDependency;
			target = 9310FB1D285A5AB200384C37 /* Deadbolt Detector */;
			targetProxy = 9310FB42285A5AB500384C37 /* PBXContainerItemProxy */;
		};
/* End PBXTargetDependency section */

/* Begin PBXVariantGroup section */
		9310FB27285A5AB200384C37 /* Main.storyboard */ = {
			isa = PBXVariantGroup;
			children = (
				9310FB28285A5AB200384C37 /* Base */,
			);
			name = Main.storyboard;
			sourceTree = "<group>";
		};
		9310FB2F285A5AB400384C37 /* LaunchScreen.storyboard */ = {
			isa = PBXVariantGroup;
			children = (
				9310FB30285A5AB400384C37 /* Base */,
			);
			name = LaunchScreen.storyboard;
			sourceTree = "<group>";
		};
/* End PBXVariantGroup section */

/* Begin XCBuildConfiguration section */
		9310FB49285A5AB500384C37 /* Debug */ = {
			isa = XCBuildConfiguration;
			buildSettings = {
				ALWAYS_SEARCH_USER_PATHS = NO;
				CLANG_ANALYZER_NONNULL = YES;
				CLANG_ANALYZER_NUMBER_OBJECT_CONVERSION = YES_AGGRESSIVE;
				CLANG_CXX_LANGUAGE_STANDARD = "gnu++17";
				CLANG_ENABLE_MODULES = YES;
				CLANG_ENABLE_OBJC_ARC = YES;
				CLANG_ENABLE_OBJC_WEAK = YES;
				CLANG_WARN_BLOCK_CAPTURE_AUTORELEASING = YES;
				CLANG_WARN_BOOL_CONVERSION = YES;
				CLANG_WARN_COMMA = YES;
				CLANG_WARN_CONSTANT_CONVERSION = YES;
				CLANG_WARN_DEPRECATED_OBJC_IMPLEMENTATIONS = YES;
				CLANG_WARN_DIRECT_OBJC_ISA_USAGE = YES_ERROR;
				CLANG_WARN_DOCUMENTATION_COMMENTS = YES;
				CLANG_WARN_EMPTY_BODY = YES;
				CLANG_WARN_ENUM_CONVERSION = YES;
				CLANG_WARN_INFINITE_RECURSION = YES;
				CLANG_WARN_INT_CONVERSION = YES;
				CLANG_WARN_NON_LITERAL_NULL_CONVERSION = YES;
				CLANG_WARN_OBJC_IMPLICIT_RETAIN_SELF = YES;
				CLANG_WARN_OBJC_LITERAL_CONVERSION = YES;
				CLANG_WARN_OBJC_ROOT_CLASS = YES_ERROR;
				CLANG_WARN_QUOTED_INCLUDE_IN_FRAMEWORK_HEADER = YES;
				CLANG_WARN_RANGE_LOOP_ANALYSIS = YES;
				CLANG_WARN_STRICT_PROTOTYPES = YES;
				CLANG_WARN_SUSPICIOUS_MOVE = YES;
				CLANG_WARN_UNGUARDED_AVAILABILITY = YES_AGGRESSIVE;
				CLANG_WARN_UNREACHABLE_CODE = YES;
				CLANG_WARN__DUPLICATE_METHOD_MATCH = YES;
				COPY_PHASE_STRIP = NO;
				DEBUG_INFORMATION_FORMAT = dwarf;
				ENABLE_STRICT_OBJC_MSGSEND = YES;
				ENABLE_TESTABILITY = YES;
				GCC_C_LANGUAGE_STANDARD = gnu11;
				GCC_DYNAMIC_NO_PIC = NO;
				GCC_NO_COMMON_BLOCKS = YES;
				GCC_OPTIMIZATION_LEVEL = 0;
				GCC_PREPROCESSOR_DEFINITIONS = (
					"DEBUG=1",
					"$(inherited)",
				);
				GCC_WARN_64_TO_32_BIT_CONVERSION = YES;
				GCC_WARN_ABOUT_RETURN_TYPE = YES_ERROR;
				GCC_WARN_UNDECLARED_SELECTOR = YES;
				GCC_WARN_UNINITIALIZED_AUTOS = YES_AGGRESSIVE;
				GCC_WARN_UNUSED_FUNCTION = YES;
				GCC_WARN_UNUSED_VARIABLE = YES;
				IPHONEOS_DEPLOYMENT_TARGET = 15.4;
				MTL_ENABLE_DEBUG_INFO = INCLUDE_SOURCE;
				MTL_FAST_MATH = YES;
				ONLY_ACTIVE_ARCH = YES;
				SDKROOT = iphoneos;
				SWIFT_ACTIVE_COMPILATION_CONDITIONS = DEBUG;
				SWIFT_OPTIMIZATION_LEVEL = "-Onone";
			};
			name = Debug;
		};
		9310FB4A285A5AB500384C37 /* Release */ = {
			isa = XCBuildConfiguration;
			buildSettings = {
				ALWAYS_SEARCH_USER_PATHS = NO;
				CLANG_ANALYZER_NONNULL = YES;
				CLANG_ANALYZER_NUMBER_OBJECT_CONVERSION = YES_AGGRESSIVE;
				CLANG_CXX_LANGUAGE_STANDARD = "gnu++17";
				CLANG_ENABLE_MODULES = YES;
				CLANG_ENABLE_OBJC_ARC = YES;
				CLANG_ENABLE_OBJC_WEAK = YES;
				CLANG_WARN_BLOCK_CAPTURE_AUTORELEASING = YES;
				CLANG_WARN_BOOL_CONVERSION = YES;
				CLANG_WARN_COMMA = YES;
				CLANG_WARN_CONSTANT_CONVERSION = YES;
				CLANG_WARN_DEPRECATED_OBJC_IMPLEMENTATIONS = YES;
				CLANG_WARN_DIRECT_OBJC_ISA_USAGE = YES_ERROR;
				CLANG_WARN_DOCUMENTATION_COMMENTS = YES;
				CLANG_WARN_EMPTY_BODY = YES;
				CLANG_WARN_ENUM_CONVERSION = YES;
				CLANG_WARN_INFINITE_RECURSION = YES;
				CLANG_WARN_INT_CONVERSION = YES;
				CLANG_WARN_NON_LITERAL_NULL_CONVERSION = YES;
				CLANG_WARN_OBJC_IMPLICIT_RETAIN_SELF = YES;
				CLANG_WARN_OBJC_LITERAL_CONVERSION = YES;
				CLANG_WARN_OBJC_ROOT_CLASS = YES_ERROR;
				CLANG_WARN_QUOTED_INCLUDE_IN_FRAMEWORK_HEADER = YES;
				CLANG_WARN_RANGE_LOOP_ANALYSIS = YES;
				CLANG_WARN_STRICT_PROTOTYPES = YES;
				CLANG_WARN_SUSPICIOUS_MOVE = YES;
				CLANG_WARN_UNGUARDED_AVAILABILITY = YES_AGGRESSIVE;
				CLANG_WARN_UNREACHABLE_CODE = YES;
				CLANG_WARN__DUPLICATE_METHOD_MATCH = YES;
				COPY_PHASE_STRIP = NO;
				DEBUG_INFORMATION_FORMAT = "dwarf-with-dsym";
				ENABLE_NS_ASSERTIONS = NO;
				ENABLE_STRICT_OBJC_MSGSEND = YES;
				GCC_C_LANGUAGE_STANDARD = gnu11;
				GCC_NO_COMMON_BLOCKS = YES;
				GCC_WARN_64_TO_32_BIT_CONVERSION = YES;
				GCC_WARN_ABOUT_RETURN_TYPE = YES_ERROR;
				GCC_WARN_UNDECLARED_SELECTOR = YES;
				GCC_WARN_UNINITIALIZED_AUTOS = YES_AGGRESSIVE;
				GCC_WARN_UNUSED_FUNCTION = YES;
				GCC_WARN_UNUSED_VARIABLE = YES;
				IPHONEOS_DEPLOYMENT_TARGET = 15.4;
				MTL_ENABLE_DEBUG_INFO = NO;
				MTL_FAST_MATH = YES;
				SDKROOT = iphoneos;
				SWIFT_COMPILATION_MODE = wholemodule;
				SWIFT_OPTIMIZATION_LEVEL = "-O";
				VALIDATE_PRODUCT = YES;
			};
			name = Release;
		};
		9310FB4C285A5AB500384C37 /* Debug */ = {
			isa = XCBuildConfiguration;
			buildSettings = {
				ASSETCATALOG_COMPILER_APPICON_NAME = AppIcon;
				ASSETCATALOG_COMPILER_GLOBAL_ACCENT_COLOR_NAME = AccentColor;
				CODE_SIGN_STYLE = Automatic;
				CURRENT_PROJECT_VERSION = 1;
				DEVELOPMENT_TEAM = P8273PK6VN;
				GENERATE_INFOPLIST_FILE = YES;
				INFOPLIST_FILE = "Deadbolt Detector/Info.plist";
				INFOPLIST_KEY_UIApplicationSupportsIndirectInputEvents = YES;
				INFOPLIST_KEY_UILaunchStoryboardName = LaunchScreen;
				INFOPLIST_KEY_UIMainStoryboardFile = Main;
				INFOPLIST_KEY_UISupportedInterfaceOrientations_iPad = "UIInterfaceOrientationPortrait UIInterfaceOrientationPortraitUpsideDown UIInterfaceOrientationLandscapeLeft UIInterfaceOrientationLandscapeRight";
				INFOPLIST_KEY_UISupportedInterfaceOrientations_iPhone = "UIInterfaceOrientationPortrait UIInterfaceOrientationLandscapeLeft UIInterfaceOrientationLandscapeRight";
				LD_RUNPATH_SEARCH_PATHS = (
					"$(inherited)",
					"@executable_path/Frameworks",
				);
				MARKETING_VERSION = 1.0;
				PRODUCT_BUNDLE_IDENTIFIER = "Peterborough-Programmers.Deadbolt-Detector";
				PRODUCT_NAME = "$(TARGET_NAME)";
				SWIFT_EMIT_LOC_STRINGS = YES;
				SWIFT_VERSION = 5.0;
				TARGETED_DEVICE_FAMILY = "1,2";
			};
			name = Debug;
		};
		9310FB4D285A5AB500384C37 /* Release */ = {
			isa = XCBuildConfiguration;
			buildSettings = {
				ASSETCATALOG_COMPILER_APPICON_NAME = AppIcon;
				ASSETCATALOG_COMPILER_GLOBAL_ACCENT_COLOR_NAME = AccentColor;
				CODE_SIGN_STYLE = Automatic;
				CURRENT_PROJECT_VERSION = 1;
				DEVELOPMENT_TEAM = P8273PK6VN;
				GENERATE_INFOPLIST_FILE = YES;
				INFOPLIST_FILE = "Deadbolt Detector/Info.plist";
				INFOPLIST_KEY_UIApplicationSupportsIndirectInputEvents = YES;
				INFOPLIST_KEY_UILaunchStoryboardName = LaunchScreen;
				INFOPLIST_KEY_UIMainStoryboardFile = Main;
				INFOPLIST_KEY_UISupportedInterfaceOrientations_iPad = "UIInterfaceOrientationPortrait UIInterfaceOrientationPortraitUpsideDown UIInterfaceOrientationLandscapeLeft UIInterfaceOrientationLandscapeRight";
				INFOPLIST_KEY_UISupportedInterfaceOrientations_iPhone = "UIInterfaceOrientationPortrait UIInterfaceOrientationLandscapeLeft UIInterfaceOrientationLandscapeRight";
				LD_RUNPATH_SEARCH_PATHS = (
					"$(inherited)",
					"@executable_path/Frameworks",
				);
				MARKETING_VERSION = 1.0;
				PRODUCT_BUNDLE_IDENTIFIER = "Peterborough-Programmers.Deadbolt-Detector";
				PRODUCT_NAME = "$(TARGET_NAME)";
				SWIFT_EMIT_LOC_STRINGS = YES;
				SWIFT_VERSION = 5.0;
				TARGETED_DEVICE_FAMILY = "1,2";
			};
			name = Release;
		};
		9310FB4F285A5AB500384C37 /* Debug */ = {
			isa = XCBuildConfiguration;
			buildSettings = {
				ALWAYS_EMBED_SWIFT_STANDARD_LIBRARIES = YES;
				BUNDLE_LOADER = "$(TEST_HOST)";
				CODE_SIGN_STYLE = Automatic;
				CURRENT_PROJECT_VERSION = 1;
				DEVELOPMENT_TEAM = P8273PK6VN;
				GENERATE_INFOPLIST_FILE = YES;
				IPHONEOS_DEPLOYMENT_TARGET = 15.4;
				MARKETING_VERSION = 1.0;
				PRODUCT_BUNDLE_IDENTIFIER = "Peterborough-Programmers.Deadbolt-DetectorTests";
				PRODUCT_NAME = "$(TARGET_NAME)";
				SWIFT_EMIT_LOC_STRINGS = NO;
				SWIFT_VERSION = 5.0;
				TARGETED_DEVICE_FAMILY = "1,2";
				TEST_HOST = "$(BUILT_PRODUCTS_DIR)/Deadbolt Detector.app/Deadbolt Detector";
			};
			name = Debug;
		};
		9310FB50285A5AB500384C37 /* Release */ = {
			isa = XCBuildConfiguration;
			buildSettings = {
				ALWAYS_EMBED_SWIFT_STANDARD_LIBRARIES = YES;
				BUNDLE_LOADER = "$(TEST_HOST)";
				CODE_SIGN_STYLE = Automatic;
				CURRENT_PROJECT_VERSION = 1;
				DEVELOPMENT_TEAM = P8273PK6VN;
				GENERATE_INFOPLIST_FILE = YES;
				IPHONEOS_DEPLOYMENT_TARGET = 15.4;
				MARKETING_VERSION = 1.0;
				PRODUCT_BUNDLE_IDENTIFIER = "Peterborough-Programmers.Deadbolt-DetectorTests";
				PRODUCT_NAME = "$(TARGET_NAME)";
				SWIFT_EMIT_LOC_STRINGS = NO;
				SWIFT_VERSION = 5.0;
				TARGETED_DEVICE_FAMILY = "1,2";
				TEST_HOST = "$(BUILT_PRODUCTS_DIR)/Deadbolt Detector.app/Deadbolt Detector";
			};
			name = Release;
		};
		9310FB52285A5AB500384C37 /* Debug */ = {
			isa = XCBuildConfiguration;
			buildSettings = {
				ALWAYS_EMBED_SWIFT_STANDARD_LIBRARIES = YES;
				CODE_SIGN_STYLE = Automatic;
				CURRENT_PROJECT_VERSION = 1;
				DEVELOPMENT_TEAM = P8273PK6VN;
				GENERATE_INFOPLIST_FILE = YES;
				MARKETING_VERSION = 1.0;
				PRODUCT_BUNDLE_IDENTIFIER = "Peterborough-Programmers.Deadbolt-DetectorUITests";
				PRODUCT_NAME = "$(TARGET_NAME)";
				SWIFT_EMIT_LOC_STRINGS = NO;
				SWIFT_VERSION = 5.0;
				TARGETED_DEVICE_FAMILY = "1,2";
				TEST_TARGET_NAME = "Deadbolt Detector";
			};
			name = Debug;
		};
		9310FB53285A5AB500384C37 /* Release */ = {
			isa = XCBuildConfiguration;
			buildSettings = {
				ALWAYS_EMBED_SWIFT_STANDARD_LIBRARIES = YES;
				CODE_SIGN_STYLE = Automatic;
				CURRENT_PROJECT_VERSION = 1;
				DEVELOPMENT_TEAM = P8273PK6VN;
				GENERATE_INFOPLIST_FILE = YES;
				MARKETING_VERSION = 1.0;
				PRODUCT_BUNDLE_IDENTIFIER = "Peterborough-Programmers.Deadbolt-DetectorUITests";
				PRODUCT_NAME = "$(TARGET_NAME)";
				SWIFT_EMIT_LOC_STRINGS = NO;
				SWIFT_VERSION = 5.0;
				TARGETED_DEVICE_FAMILY = "1,2";
				TEST_TARGET_NAME = "Deadbolt Detector";
			};
			name = Release;
		};
/* End XCBuildConfiguration section */

/* Begin XCConfigurationList section */
		9310FB19285A5AB200384C37 /* Build configuration list for PBXProject "Deadbolt Detector" */ = {
			isa = XCConfigurationList;
			buildConfigurations = (
				9310FB49285A5AB500384C37 /* Debug */,
				9310FB4A285A5AB500384C37 /* Release */,
			);
			defaultConfigurationIsVisible = 0;
			defaultConfigurationName = Release;
		};
		9310FB4B285A5AB500384C37 /* Build configuration list for PBXNativeTarget "Deadbolt Detector" */ = {
			isa = XCConfigurationList;
			buildConfigurations = (
				9310FB4C285A5AB500384C37 /* Debug */,
				9310FB4D285A5AB500384C37 /* Release */,
			);
			defaultConfigurationIsVisible = 0;
			defaultConfigurationName = Release;
		};
		9310FB4E285A5AB500384C37 /* Build configuration list for PBXNativeTarget "Deadbolt DetectorTests" */ = {
			isa = XCConfigurationList;
			buildConfigurations = (
				9310FB4F285A5AB500384C37 /* Debug */,
				9310FB50285A5AB500384C37 /* Release */,
			);
			defaultConfigurationIsVisible = 0;
			defaultConfigurationName = Release;
		};
		9310FB51285A5AB500384C37 /* Build configuration list for PBXNativeTarget "Deadbolt DetectorUITests" */ = {
			isa = XCConfigurationList;
			buildConfigurations = (
				9310FB52285A5AB500384C37 /* Debug */,
				9310FB53285A5AB500384C37 /* Release */,
			);
			defaultConfigurationIsVisible = 0;
			defaultConfigurationName = Release;
		};
/* End XCConfigurationList section */

/* Begin XCRemoteSwiftPackageReference section */
		93EA99662860A32800030697 /* XCRemoteSwiftPackageReference "firebase-ios-sdk" */ = {
			isa = XCRemoteSwiftPackageReference;
			repositoryURL = "https://github.com/firebase/firebase-ios-sdk";
			requirement = {
				branch = master;
				kind = branch;
			};
		};
/* End XCRemoteSwiftPackageReference section */

/* Begin XCSwiftPackageProductDependency section */
		93EA99672860A32800030697 /* FirebaseAnalytics */ = {
			isa = XCSwiftPackageProductDependency;
			package = 93EA99662860A32800030697 /* XCRemoteSwiftPackageReference "firebase-ios-sdk" */;
			productName = FirebaseAnalytics;
		};
		93EA99692860A32800030697 /* FirebaseAuth */ = {
			isa = XCSwiftPackageProductDependency;
			package = 93EA99662860A32800030697 /* XCRemoteSwiftPackageReference "firebase-ios-sdk" */;
			productName = FirebaseAuth;
		};
		93EA996B2860A32800030697 /* FirebaseDatabase */ = {
			isa = XCSwiftPackageProductDependency;
			package = 93EA99662860A32800030697 /* XCRemoteSwiftPackageReference "firebase-ios-sdk" */;
			productName = FirebaseDatabase;
		};
		93EA996D2860A32800030697 /* FirebaseFirestore */ = {
			isa = XCSwiftPackageProductDependency;
			package = 93EA99662860A32800030697 /* XCRemoteSwiftPackageReference "firebase-ios-sdk" */;
			productName = FirebaseFirestore;
		};
/* End XCSwiftPackageProductDependency section */

/* Begin XCVersionGroup section */
		9310FB2A285A5AB200384C37 /* Deadbolt_Detector.xcdatamodeld */ = {
			isa = XCVersionGroup;
			children = (
				9310FB2B285A5AB200384C37 /* Deadbolt_Detector.xcdatamodel */,
			);
			currentVersion = 9310FB2B285A5AB200384C37 /* Deadbolt_Detector.xcdatamodel */;
			path = Deadbolt_Detector.xcdatamodeld;
			sourceTree = "<group>";
			versionGroupType = wrapper.xcdatamodel;
		};
/* End XCVersionGroup section */
	};
	rootObject = 9310FB16285A5AB200384C37 /* Project object */;
}
